// !$*UTF8*$!
{
	archiveVersion = 1;
	classes = {
	};
	objectVersion = 50;
	objects = {

/* Begin PBXBuildFile section */
		7EA7411822CCB15700CE27B7 /* Color.swift in Sources */ = {isa = PBXBuildFile; fileRef = 7EA7411722CCB15700CE27B7 /* Color.swift */; };
		E30D536B22CB8ADF00C01242 /* AppDelegate.swift in Sources */ = {isa = PBXBuildFile; fileRef = E30D536A22CB8ADF00C01242 /* AppDelegate.swift */; };
		E30D536D22CB8ADF00C01242 /* ViewController.swift in Sources */ = {isa = PBXBuildFile; fileRef = E30D536C22CB8ADF00C01242 /* ViewController.swift */; };
		E30D537022CB8ADF00C01242 /* Main.storyboard in Resources */ = {isa = PBXBuildFile; fileRef = E30D536E22CB8ADF00C01242 /* Main.storyboard */; };
		E30D537222CB8AE200C01242 /* Assets.xcassets in Resources */ = {isa = PBXBuildFile; fileRef = E30D537122CB8AE200C01242 /* Assets.xcassets */; };
		E30D537522CB8AE200C01242 /* LaunchScreen.storyboard in Resources */ = {isa = PBXBuildFile; fileRef = E30D537322CB8AE200C01242 /* LaunchScreen.storyboard */; };
		E30D538022CB8AE200C01242 /* SuperColorPickerTests.swift in Sources */ = {isa = PBXBuildFile; fileRef = E30D537F22CB8AE200C01242 /* SuperColorPickerTests.swift */; };
		E30D538B22CB8AE200C01242 /* SuperColorPickerUITests.swift in Sources */ = {isa = PBXBuildFile; fileRef = E30D538A22CB8AE200C01242 /* SuperColorPickerUITests.swift */; };
		E30D539922CB99F400C01242 /* Table.swift in Sources */ = {isa = PBXBuildFile; fileRef = E30D539822CB99F400C01242 /* Table.swift */; };
		E30D539B22CB9A1900C01242 /* Information.swift in Sources */ = {isa = PBXBuildFile; fileRef = E30D539A22CB9A1900C01242 /* Information.swift */; };
/* End PBXBuildFile section */

/* Begin PBXContainerItemProxy section */
		E30D537C22CB8AE200C01242 /* PBXContainerItemProxy */ = {
			isa = PBXContainerItemProxy;
			containerPortal = E30D535F22CB8ADF00C01242 /* Project object */;
			proxyType = 1;
			remoteGlobalIDString = E30D536622CB8ADF00C01242;
			remoteInfo = SuperColorPicker;
		};
		E30D538722CB8AE200C01242 /* PBXContainerItemProxy */ = {
			isa = PBXContainerItemProxy;
			containerPortal = E30D535F22CB8ADF00C01242 /* Project object */;
			proxyType = 1;
			remoteGlobalIDString = E30D536622CB8ADF00C01242;
			remoteInfo = SuperColorPicker;
		};
/* End PBXContainerItemProxy section */

/* Begin PBXFileReference section */
		7EA7411722CCB15700CE27B7 /* Color.swift */ = {isa = PBXFileReference; lastKnownFileType = sourcecode.swift; name = Color.swift; path = "../../shop-summer-school-2/Color.swift"; sourceTree = "<group>"; };
		E30D536722CB8ADF00C01242 /* SuperColorPicker.app */ = {isa = PBXFileReference; explicitFileType = wrapper.application; includeInIndex = 0; path = SuperColorPicker.app; sourceTree = BUILT_PRODUCTS_DIR; };
		E30D536A22CB8ADF00C01242 /* AppDelegate.swift */ = {isa = PBXFileReference; lastKnownFileType = sourcecode.swift; path = AppDelegate.swift; sourceTree = "<group>"; };
		E30D536C22CB8ADF00C01242 /* ViewController.swift */ = {isa = PBXFileReference; lastKnownFileType = sourcecode.swift; path = ViewController.swift; sourceTree = "<group>"; };
		E30D536F22CB8ADF00C01242 /* Base */ = {isa = PBXFileReference; lastKnownFileType = file.storyboard; name = Base; path = Base.lproj/Main.storyboard; sourceTree = "<group>"; };
		E30D537122CB8AE200C01242 /* Assets.xcassets */ = {isa = PBXFileReference; lastKnownFileType = folder.assetcatalog; path = Assets.xcassets; sourceTree = "<group>"; };
		E30D537422CB8AE200C01242 /* Base */ = {isa = PBXFileReference; lastKnownFileType = file.storyboard; name = Base; path = Base.lproj/LaunchScreen.storyboard; sourceTree = "<group>"; };
		E30D537622CB8AE200C01242 /* Info.plist */ = {isa = PBXFileReference; lastKnownFileType = text.plist.xml; path = Info.plist; sourceTree = "<group>"; };
		E30D537B22CB8AE200C01242 /* SuperColorPickerTests.xctest */ = {isa = PBXFileReference; explicitFileType = wrapper.cfbundle; includeInIndex = 0; path = SuperColorPickerTests.xctest; sourceTree = BUILT_PRODUCTS_DIR; };
		E30D537F22CB8AE200C01242 /* SuperColorPickerTests.swift */ = {isa = PBXFileReference; lastKnownFileType = sourcecode.swift; path = SuperColorPickerTests.swift; sourceTree = "<group>"; };
		E30D538122CB8AE200C01242 /* Info.plist */ = {isa = PBXFileReference; lastKnownFileType = text.plist.xml; path = Info.plist; sourceTree = "<group>"; };
		E30D538622CB8AE200C01242 /* SuperColorPickerUITests.xctest */ = {isa = PBXFileReference; explicitFileType = wrapper.cfbundle; includeInIndex = 0; path = SuperColorPickerUITests.xctest; sourceTree = BUILT_PRODUCTS_DIR; };
		E30D538A22CB8AE200C01242 /* SuperColorPickerUITests.swift */ = {isa = PBXFileReference; lastKnownFileType = sourcecode.swift; path = SuperColorPickerUITests.swift; sourceTree = "<group>"; };
		E30D538C22CB8AE200C01242 /* Info.plist */ = {isa = PBXFileReference; lastKnownFileType = text.plist.xml; path = Info.plist; sourceTree = "<group>"; };
		E30D539822CB99F400C01242 /* Table.swift */ = {isa = PBXFileReference; lastKnownFileType = sourcecode.swift; path = Table.swift; sourceTree = "<group>"; };
		E30D539A22CB9A1900C01242 /* Information.swift */ = {isa = PBXFileReference; lastKnownFileType = sourcecode.swift; path = Information.swift; sourceTree = "<group>"; };
/* End PBXFileReference section */

/* Begin PBXFrameworksBuildPhase section */
		E30D536422CB8ADF00C01242 /* Frameworks */ = {
			isa = PBXFrameworksBuildPhase;
			buildActionMask = 2147483647;
			files = (
			);
			runOnlyForDeploymentPostprocessing = 0;
		};
		E30D537822CB8AE200C01242 /* Frameworks */ = {
			isa = PBXFrameworksBuildPhase;
			buildActionMask = 2147483647;
			files = (
			);
			runOnlyForDeploymentPostprocessing = 0;
		};
		E30D538322CB8AE200C01242 /* Frameworks */ = {
			isa = PBXFrameworksBuildPhase;
			buildActionMask = 2147483647;
			files = (
			);
			runOnlyForDeploymentPostprocessing = 0;
		};
/* End PBXFrameworksBuildPhase section */

/* Begin PBXGroup section */
		E30D535E22CB8ADF00C01242 = {
			isa = PBXGroup;
			children = (
				E30D536922CB8ADF00C01242 /* SuperColorPicker */,
				E30D537E22CB8AE200C01242 /* SuperColorPickerTests */,
				E30D538922CB8AE200C01242 /* SuperColorPickerUITests */,
				E30D536822CB8ADF00C01242 /* Products */,
			);
			sourceTree = "<group>";
		};
		E30D536822CB8ADF00C01242 /* Products */ = {
			isa = PBXGroup;
			children = (
				E30D536722CB8ADF00C01242 /* SuperColorPicker.app */,
				E30D537B22CB8AE200C01242 /* SuperColorPickerTests.xctest */,
				E30D538622CB8AE200C01242 /* SuperColorPickerUITests.xctest */,
			);
			name = Products;
			sourceTree = "<group>";
		};
		E30D536922CB8ADF00C01242 /* SuperColorPicker */ = {
			isa = PBXGroup;
			children = (
				E30D536A22CB8ADF00C01242 /* AppDelegate.swift */,
				E30D536C22CB8ADF00C01242 /* ViewController.swift */,
				E30D536E22CB8ADF00C01242 /* Main.storyboard */,
				E30D539822CB99F400C01242 /* Table.swift */,
				E30D539A22CB9A1900C01242 /* Information.swift */,
				E30D537122CB8AE200C01242 /* Assets.xcassets */,
				E30D537322CB8AE200C01242 /* LaunchScreen.storyboard */,
				E30D537622CB8AE200C01242 /* Info.plist */,
				7EA7411722CCB15700CE27B7 /* Color.swift */,
			);
			path = SuperColorPicker;
			sourceTree = "<group>";
		};
		E30D537E22CB8AE200C01242 /* SuperColorPickerTests */ = {
			isa = PBXGroup;
			children = (
				E30D537F22CB8AE200C01242 /* SuperColorPickerTests.swift */,
				E30D538122CB8AE200C01242 /* Info.plist */,
			);
			path = SuperColorPickerTests;
			sourceTree = "<group>";
		};
		E30D538922CB8AE200C01242 /* SuperColorPickerUITests */ = {
			isa = PBXGroup;
			children = (
				E30D538A22CB8AE200C01242 /* SuperColorPickerUITests.swift */,
				E30D538C22CB8AE200C01242 /* Info.plist */,
			);
			path = SuperColorPickerUITests;
			sourceTree = "<group>";
		};
/* End PBXGroup section */

/* Begin PBXNativeTarget section */
		E30D536622CB8ADF00C01242 /* SuperColorPicker */ = {
			isa = PBXNativeTarget;
			buildConfigurationList = E30D538F22CB8AE200C01242 /* Build configuration list for PBXNativeTarget "SuperColorPicker" */;
			buildPhases = (
				E30D536322CB8ADF00C01242 /* Sources */,
				E30D536422CB8ADF00C01242 /* Frameworks */,
				E30D536522CB8ADF00C01242 /* Resources */,
			);
			buildRules = (
			);
			dependencies = (
			);
			name = SuperColorPicker;
			productName = SuperColorPicker;
			productReference = E30D536722CB8ADF00C01242 /* SuperColorPicker.app */;
			productType = "com.apple.product-type.application";
		};
		E30D537A22CB8AE200C01242 /* SuperColorPickerTests */ = {
			isa = PBXNativeTarget;
			buildConfigurationList = E30D539222CB8AE200C01242 /* Build configuration list for PBXNativeTarget "SuperColorPickerTests" */;
			buildPhases = (
				E30D537722CB8AE200C01242 /* Sources */,
				E30D537822CB8AE200C01242 /* Frameworks */,
				E30D537922CB8AE200C01242 /* Resources */,
			);
			buildRules = (
			);
			dependencies = (
				E30D537D22CB8AE200C01242 /* PBXTargetDependency */,
			);
			name = SuperColorPickerTests;
			productName = SuperColorPickerTests;
			productReference = E30D537B22CB8AE200C01242 /* SuperColorPickerTests.xctest */;
			productType = "com.apple.product-type.bundle.unit-test";
		};
		E30D538522CB8AE200C01242 /* SuperColorPickerUITests */ = {
			isa = PBXNativeTarget;
			buildConfigurationList = E30D539522CB8AE200C01242 /* Build configuration list for PBXNativeTarget "SuperColorPickerUITests" */;
			buildPhases = (
				E30D538222CB8AE200C01242 /* Sources */,
				E30D538322CB8AE200C01242 /* Frameworks */,
				E30D538422CB8AE200C01242 /* Resources */,
			);
			buildRules = (
			);
			dependencies = (
				E30D538822CB8AE200C01242 /* PBXTargetDependency */,
			);
			name = SuperColorPickerUITests;
			productName = SuperColorPickerUITests;
			productReference = E30D538622CB8AE200C01242 /* SuperColorPickerUITests.xctest */;
			productType = "com.apple.product-type.bundle.ui-testing";
		};
/* End PBXNativeTarget section */

/* Begin PBXProject section */
		E30D535F22CB8ADF00C01242 /* Project object */ = {
			isa = PBXProject;
			attributes = {
				LastSwiftUpdateCheck = 1010;
				LastUpgradeCheck = 1010;
				ORGANIZATIONNAME = "Sonia Kucheryavaya";
				TargetAttributes = {
					E30D536622CB8ADF00C01242 = {
						CreatedOnToolsVersion = 10.1;
					};
					E30D537A22CB8AE200C01242 = {
						CreatedOnToolsVersion = 10.1;
						TestTargetID = E30D536622CB8ADF00C01242;
					};
					E30D538522CB8AE200C01242 = {
						CreatedOnToolsVersion = 10.1;
						TestTargetID = E30D536622CB8ADF00C01242;
					};
				};
			};
			buildConfigurationList = E30D536222CB8ADF00C01242 /* Build configuration list for PBXProject "SuperColorPicker" */;
			compatibilityVersion = "Xcode 9.3";
			developmentRegion = en;
			hasScannedForEncodings = 0;
			knownRegions = (
				en,
				Base,
			);
			mainGroup = E30D535E22CB8ADF00C01242;
			productRefGroup = E30D536822CB8ADF00C01242 /* Products */;
			projectDirPath = "";
			projectRoot = "";
			targets = (
				E30D536622CB8ADF00C01242 /* SuperColorPicker */,
				E30D537A22CB8AE200C01242 /* SuperColorPickerTests */,
				E30D538522CB8AE200C01242 /* SuperColorPickerUITests */,
			);
		};
/* End PBXProject section */

/* Begin PBXResourcesBuildPhase section */
		E30D536522CB8ADF00C01242 /* Resources */ = {
			isa = PBXResourcesBuildPhase;
			buildActionMask = 2147483647;
			files = (
				E30D537522CB8AE200C01242 /* LaunchScreen.storyboard in Resources */,
				E30D537222CB8AE200C01242 /* Assets.xcassets in Resources */,
				E30D537022CB8ADF00C01242 /* Main.storyboard in Resources */,
			);
			runOnlyForDeploymentPostprocessing = 0;
		};
		E30D537922CB8AE200C01242 /* Resources */ = {
			isa = PBXResourcesBuildPhase;
			buildActionMask = 2147483647;
			files = (
			);
			runOnlyForDeploymentPostprocessing = 0;
		};
		E30D538422CB8AE200C01242 /* Resources */ = {
			isa = PBXResourcesBuildPhase;
			buildActionMask = 2147483647;
			files = (
			);
			runOnlyForDeploymentPostprocessing = 0;
		};
/* End PBXResourcesBuildPhase section */

/* Begin PBXSourcesBuildPhase section */
		E30D536322CB8ADF00C01242 /* Sources */ = {
			isa = PBXSourcesBuildPhase;
			buildActionMask = 2147483647;
			files = (
				E30D539922CB99F400C01242 /* Table.swift in Sources */,
				E30D536D22CB8ADF00C01242 /* ViewController.swift in Sources */,
				E30D539B22CB9A1900C01242 /* Information.swift in Sources */,
				E30D536B22CB8ADF00C01242 /* AppDelegate.swift in Sources */,
				7EA7411822CCB15700CE27B7 /* Color.swift in Sources */,
			);
			runOnlyForDeploymentPostprocessing = 0;
		};
		E30D537722CB8AE200C01242 /* Sources */ = {
			isa = PBXSourcesBuildPhase;
			buildActionMask = 2147483647;
			files = (
				E30D538022CB8AE200C01242 /* SuperColorPickerTests.swift in Sources */,
			);
			runOnlyForDeploymentPostprocessing = 0;
		};
		E30D538222CB8AE200C01242 /* Sources */ = {
			isa = PBXSourcesBuildPhase;
			buildActionMask = 2147483647;
			files = (
				E30D538B22CB8AE200C01242 /* SuperColorPickerUITests.swift in Sources */,
			);
			runOnlyForDeploymentPostprocessing = 0;
		};
/* End PBXSourcesBuildPhase section */

/* Begin PBXTargetDependency section */
		E30D537D22CB8AE200C01242 /* PBXTargetDependency */ = {
			isa = PBXTargetDependency;
			target = E30D536622CB8ADF00C01242 /* SuperColorPicker */;
			targetProxy = E30D537C22CB8AE200C01242 /* PBXContainerItemProxy */;
		};
		E30D538822CB8AE200C01242 /* PBXTargetDependency */ = {
			isa = PBXTargetDependency;
			target = E30D536622CB8ADF00C01242 /* SuperColorPicker */;
			targetProxy = E30D538722CB8AE200C01242 /* PBXContainerItemProxy */;
		};
/* End PBXTargetDependency section */

/* Begin PBXVariantGroup section */
		E30D536E22CB8ADF00C01242 /* Main.storyboard */ = {
			isa = PBXVariantGroup;
			children = (
				E30D536F22CB8ADF00C01242 /* Base */,
			);
			name = Main.storyboard;
			sourceTree = "<group>";
		};
		E30D537322CB8AE200C01242 /* LaunchScreen.storyboard */ = {
			isa = PBXVariantGroup;
			children = (
				E30D537422CB8AE200C01242 /* Base */,
			);
			name = LaunchScreen.storyboard;
			sourceTree = "<group>";
		};
/* End PBXVariantGroup section */

/* Begin XCBuildConfiguration section */
		E30D538D22CB8AE200C01242 /* Debug */ = {
			isa = XCBuildConfiguration;
			buildSettings = {
				ALWAYS_SEARCH_USER_PATHS = NO;
				CLANG_ANALYZER_NONNULL = YES;
				CLANG_ANALYZER_NUMBER_OBJECT_CONVERSION = YES_AGGRESSIVE;
				CLANG_CXX_LANGUAGE_STANDARD = "gnu++14";
				CLANG_CXX_LIBRARY = "libc++";
				CLANG_ENABLE_MODULES = YES;
				CLANG_ENABLE_OBJC_ARC = YES;
				CLANG_ENABLE_OBJC_WEAK = YES;
				CLANG_WARN_BLOCK_CAPTURE_AUTORELEASING = YES;
				CLANG_WARN_BOOL_CONVERSION = YES;
				CLANG_WARN_COMMA = YES;
				CLANG_WARN_CONSTANT_CONVERSION = YES;
				CLANG_WARN_DEPRECATED_OBJC_IMPLEMENTATIONS = YES;
				CLANG_WARN_DIRECT_OBJC_ISA_USAGE = YES_ERROR;
				CLANG_WARN_DOCUMENTATION_COMMENTS = YES;
				CLANG_WARN_EMPTY_BODY = YES;
				CLANG_WARN_ENUM_CONVERSION = YES;
				CLANG_WARN_INFINITE_RECURSION = YES;
				CLANG_WARN_INT_CONVERSION = YES;
				CLANG_WARN_NON_LITERAL_NULL_CONVERSION = YES;
				CLANG_WARN_OBJC_IMPLICIT_RETAIN_SELF = YES;
				CLANG_WARN_OBJC_LITERAL_CONVERSION = YES;
				CLANG_WARN_OBJC_ROOT_CLASS = YES_ERROR;
				CLANG_WARN_RANGE_LOOP_ANALYSIS = YES;
				CLANG_WARN_STRICT_PROTOTYPES = YES;
				CLANG_WARN_SUSPICIOUS_MOVE = YES;
				CLANG_WARN_UNGUARDED_AVAILABILITY = YES_AGGRESSIVE;
				CLANG_WARN_UNREACHABLE_CODE = YES;
				CLANG_WARN__DUPLICATE_METHOD_MATCH = YES;
				CODE_SIGN_IDENTITY = "iPhone Developer";
				COPY_PHASE_STRIP = NO;
				DEBUG_INFORMATION_FORMAT = dwarf;
				ENABLE_STRICT_OBJC_MSGSEND = YES;
				ENABLE_TESTABILITY = YES;
				GCC_C_LANGUAGE_STANDARD = gnu11;
				GCC_DYNAMIC_NO_PIC = NO;
				GCC_NO_COMMON_BLOCKS = YES;
				GCC_OPTIMIZATION_LEVEL = 0;
				GCC_PREPROCESSOR_DEFINITIONS = (
					"DEBUG=1",
					"$(inherited)",
				);
				GCC_WARN_64_TO_32_BIT_CONVERSION = YES;
				GCC_WARN_ABOUT_RETURN_TYPE = YES_ERROR;
				GCC_WARN_UNDECLARED_SELECTOR = YES;
				GCC_WARN_UNINITIALIZED_AUTOS = YES_AGGRESSIVE;
				GCC_WARN_UNUSED_FUNCTION = YES;
				GCC_WARN_UNUSED_VARIABLE = YES;
				IPHONEOS_DEPLOYMENT_TARGET = 12.1;
				MTL_ENABLE_DEBUG_INFO = INCLUDE_SOURCE;
				MTL_FAST_MATH = YES;
				ONLY_ACTIVE_ARCH = YES;
				SDKROOT = iphoneos;
				SWIFT_ACTIVE_COMPILATION_CONDITIONS = DEBUG;
				SWIFT_OPTIMIZATION_LEVEL = "-Onone";
			};
			name = Debug;
		};
		E30D538E22CB8AE200C01242 /* Release */ = {
			isa = XCBuildConfiguration;
			buildSettings = {
				ALWAYS_SEARCH_USER_PATHS = NO;
				CLANG_ANALYZER_NONNULL = YES;
				CLANG_ANALYZER_NUMBER_OBJECT_CONVERSION = YES_AGGRESSIVE;
				CLANG_CXX_LANGUAGE_STANDARD = "gnu++14";
				CLANG_CXX_LIBRARY = "libc++";
				CLANG_ENABLE_MODULES = YES;
				CLANG_ENABLE_OBJC_ARC = YES;
				CLANG_ENABLE_OBJC_WEAK = YES;
				CLANG_WARN_BLOCK_CAPTURE_AUTORELEASING = YES;
				CLANG_WARN_BOOL_CONVERSION = YES;
				CLANG_WARN_COMMA = YES;
				CLANG_WARN_CONSTANT_CONVERSION = YES;
				CLANG_WARN_DEPRECATED_OBJC_IMPLEMENTATIONS = YES;
				CLANG_WARN_DIRECT_OBJC_ISA_USAGE = YES_ERROR;
				CLANG_WARN_DOCUMENTATION_COMMENTS = YES;
				CLANG_WARN_EMPTY_BODY = YES;
				CLANG_WARN_ENUM_CONVERSION = YES;
				CLANG_WARN_INFINITE_RECURSION = YES;
				CLANG_WARN_INT_CONVERSION = YES;
				CLANG_WARN_NON_LITERAL_NULL_CONVERSION = YES;
				CLANG_WARN_OBJC_IMPLICIT_RETAIN_SELF = YES;
				CLANG_WARN_OBJC_LITERAL_CONVERSION = YES;
				CLANG_WARN_OBJC_ROOT_CLASS = YES_ERROR;
				CLANG_WARN_RANGE_LOOP_ANALYSIS = YES;
				CLANG_WARN_STRICT_PROTOTYPES = YES;
				CLANG_WARN_SUSPICIOUS_MOVE = YES;
				CLANG_WARN_UNGUARDED_AVAILABILITY = YES_AGGRESSIVE;
				CLANG_WARN_UNREACHABLE_CODE = YES;
				CLANG_WARN__DUPLICATE_METHOD_MATCH = YES;
				CODE_SIGN_IDENTITY = "iPhone Developer";
				COPY_PHASE_STRIP = NO;
				DEBUG_INFORMATION_FORMAT = "dwarf-with-dsym";
				ENABLE_NS_ASSERTIONS = NO;
				ENABLE_STRICT_OBJC_MSGSEND = YES;
				GCC_C_LANGUAGE_STANDARD = gnu11;
				GCC_NO_COMMON_BLOCKS = YES;
				GCC_WARN_64_TO_32_BIT_CONVERSION = YES;
				GCC_WARN_ABOUT_RETURN_TYPE = YES_ERROR;
				GCC_WARN_UNDECLARED_SELECTOR = YES;
				GCC_WARN_UNINITIALIZED_AUTOS = YES_AGGRESSIVE;
				GCC_WARN_UNUSED_FUNCTION = YES;
				GCC_WARN_UNUSED_VARIABLE = YES;
				IPHONEOS_DEPLOYMENT_TARGET = 12.1;
				MTL_ENABLE_DEBUG_INFO = NO;
				MTL_FAST_MATH = YES;
				SDKROOT = iphoneos;
				SWIFT_COMPILATION_MODE = wholemodule;
				SWIFT_OPTIMIZATION_LEVEL = "-O";
				VALIDATE_PRODUCT = YES;
			};
			name = Release;
		};
		E30D539022CB8AE200C01242 /* Debug */ = {
			isa = XCBuildConfiguration;
			buildSettings = {
				ASSETCATALOG_COMPILER_APPICON_NAME = AppIcon;
				CODE_SIGN_STYLE = Automatic;
				DEVELOPMENT_TEAM = Z6TT389YTK;
				INFOPLIST_FILE = SuperColorPicker/Info.plist;
				LD_RUNPATH_SEARCH_PATHS = (
					"$(inherited)",
					"@executable_path/Frameworks",
				);
				PRODUCT_BUNDLE_IDENTIFIER = iphonesru.SuperColorPicker;
				PRODUCT_NAME = "$(TARGET_NAME)";
				SWIFT_VERSION = 4.2;
				TARGETED_DEVICE_FAMILY = "1,2";
			};
			name = Debug;
		};
		E30D539122CB8AE200C01242 /* Release */ = {
			isa = XCBuildConfiguration;
			buildSettings = {
				ASSETCATALOG_COMPILER_APPICON_NAME = AppIcon;
				CODE_SIGN_STYLE = Automatic;
				DEVELOPMENT_TEAM = Z6TT389YTK;
				INFOPLIST_FILE = SuperColorPicker/Info.plist;
				LD_RUNPATH_SEARCH_PATHS = (
					"$(inherited)",
					"@executable_path/Frameworks",
				);
				PRODUCT_BUNDLE_IDENTIFIER = iphonesru.SuperColorPicker;
				PRODUCT_NAME = "$(TARGET_NAME)";
				SWIFT_VERSION = 4.2;
				TARGETED_DEVICE_FAMILY = "1,2";
			};
			name = Release;
		};
		E30D539322CB8AE200C01242 /* Debug */ = {
			isa = XCBuildConfiguration;
			buildSettings = {
				ALWAYS_EMBED_SWIFT_STANDARD_LIBRARIES = YES;
				BUNDLE_LOADER = "$(TEST_HOST)";
				CODE_SIGN_STYLE = Automatic;
				DEVELOPMENT_TEAM = Z6TT389YTK;
				INFOPLIST_FILE = SuperColorPickerTests/Info.plist;
				LD_RUNPATH_SEARCH_PATHS = (
					"$(inherited)",
					"@executable_path/Frameworks",
					"@loader_path/Frameworks",
				);
				PRODUCT_BUNDLE_IDENTIFIER = iphonesru.SuperColorPickerTests;
				PRODUCT_NAME = "$(TARGET_NAME)";
				SWIFT_VERSION = 4.2;
				TARGETED_DEVICE_FAMILY = "1,2";
				TEST_HOST = "$(BUILT_PRODUCTS_DIR)/SuperColorPicker.app/SuperColorPicker";
			};
			name = Debug;
		};
		E30D539422CB8AE200C01242 /* Release */ = {
			isa = XCBuildConfiguration;
			buildSettings = {
				ALWAYS_EMBED_SWIFT_STANDARD_LIBRARIES = YES;
				BUNDLE_LOADER = "$(TEST_HOST)";
				CODE_SIGN_STYLE = Automatic;
				DEVELOPMENT_TEAM = Z6TT389YTK;
				INFOPLIST_FILE = SuperColorPickerTests/Info.plist;
				LD_RUNPATH_SEARCH_PATHS = (
					"$(inherited)",
					"@executable_path/Frameworks",
					"@loader_path/Frameworks",
				);
				PRODUCT_BUNDLE_IDENTIFIER = iphonesru.SuperColorPickerTests;
				PRODUCT_NAME = "$(TARGET_NAME)";
				SWIFT_VERSION = 4.2;
				TARGETED_DEVICE_FAMILY = "1,2";
				TEST_HOST = "$(BUILT_PRODUCTS_DIR)/SuperColorPicker.app/SuperColorPicker";
			};
			name = Release;
		};
		E30D539622CB8AE200C01242 /* Debug */ = {
			isa = XCBuildConfiguration;
			buildSettings = {
				ALWAYS_EMBED_SWIFT_STANDARD_LIBRARIES = YES;
				CODE_SIGN_STYLE = Automatic;
				DEVELOPMENT_TEAM = Z6TT389YTK;
				INFOPLIST_FILE = SuperColorPickerUITests/Info.plist;
				LD_RUNPATH_SEARCH_PATHS = (
					"$(inherited)",
					"@executable_path/Frameworks",
					"@loader_path/Frameworks",
				);
				PRODUCT_BUNDLE_IDENTIFIER = iphonesru.SuperColorPickerUITests;
				PRODUCT_NAME = "$(TARGET_NAME)";
				SWIFT_VERSION = 4.2;
				TARGETED_DEVICE_FAMILY = "1,2";
				TEST_TARGET_NAME = SuperColorPicker;
			};
			name = Debug;
		};
		E30D539722CB8AE200C01242 /* Release */ = {
			isa = XCBuildConfiguration;
			buildSettings = {
				ALWAYS_EMBED_SWIFT_STANDARD_LIBRARIES = YES;
				CODE_SIGN_STYLE = Automatic;
				DEVELOPMENT_TEAM = Z6TT389YTK;
				INFOPLIST_FILE = SuperColorPickerUITests/Info.plist;
				LD_RUNPATH_SEARCH_PATHS = (
					"$(inherited)",
					"@executable_path/Frameworks",
					"@loader_path/Frameworks",
				);
				PRODUCT_BUNDLE_IDENTIFIER = iphonesru.SuperColorPickerUITests;
				PRODUCT_NAME = "$(TARGET_NAME)";
				SWIFT_VERSION = 4.2;
				TARGETED_DEVICE_FAMILY = "1,2";
				TEST_TARGET_NAME = SuperColorPicker;
			};
			name = Release;
		};
/* End XCBuildConfiguration section */

/* Begin XCConfigurationList section */
		E30D536222CB8ADF00C01242 /* Build configuration list for PBXProject "SuperColorPicker" */ = {
			isa = XCConfigurationList;
			buildConfigurations = (
				E30D538D22CB8AE200C01242 /* Debug */,
				E30D538E22CB8AE200C01242 /* Release */,
			);
			defaultConfigurationIsVisible = 0;
			defaultConfigurationName = Release;
		};
		E30D538F22CB8AE200C01242 /* Build configuration list for PBXNativeTarget "SuperColorPicker" */ = {
			isa = XCConfigurationList;
			buildConfigurations = (
				E30D539022CB8AE200C01242 /* Debug */,
				E30D539122CB8AE200C01242 /* Release */,
			);
			defaultConfigurationIsVisible = 0;
			defaultConfigurationName = Release;
		};
		E30D539222CB8AE200C01242 /* Build configuration list for PBXNativeTarget "SuperColorPickerTests" */ = {
			isa = XCConfigurationList;
			buildConfigurations = (
				E30D539322CB8AE200C01242 /* Debug */,
				E30D539422CB8AE200C01242 /* Release */,
			);
			defaultConfigurationIsVisible = 0;
			defaultConfigurationName = Release;
		};
		E30D539522CB8AE200C01242 /* Build configuration list for PBXNativeTarget "SuperColorPickerUITests" */ = {
			isa = XCConfigurationList;
			buildConfigurations = (
				E30D539622CB8AE200C01242 /* Debug */,
				E30D539722CB8AE200C01242 /* Release */,
			);
			defaultConfigurationIsVisible = 0;
			defaultConfigurationName = Release;
		};
/* End XCConfigurationList section */
	};
	rootObject = E30D535F22CB8ADF00C01242 /* Project object */;
}
